// !$*UTF8*$!
{
	archiveVersion = 1;
	classes = {
	};
	objectVersion = 46;
	objects = {

/* Begin PBXBuildFile section */
		9C1995231E9F0F5400AC34DB /* MainViewController.m in Sources */ = {isa = PBXBuildFile; fileRef = 9C1995221E9F0F5400AC34DB /* MainViewController.m */; };
		9C1995271E9F149C00AC34DB /* LoginViewController.m in Sources */ = {isa = PBXBuildFile; fileRef = 9C1995261E9F149C00AC34DB /* LoginViewController.m */; };
		9C19952D1E9F177F00AC34DB /* FirstLoginViewController.m in Sources */ = {isa = PBXBuildFile; fileRef = 9C19952C1E9F177F00AC34DB /* FirstLoginViewController.m */; };
		9C1995341E9F1AB000AC34DB /* StatisticalViewController.m in Sources */ = {isa = PBXBuildFile; fileRef = 9C1995331E9F1AB000AC34DB /* StatisticalViewController.m */; };
		9C1995391E9F4BF000AC34DB /* TaskListCell.m in Sources */ = {isa = PBXBuildFile; fileRef = 9C1995381E9F4BF000AC34DB /* TaskListCell.m */; };
		A861B3181E9DD3FB002D61F0 /* main.m in Sources */ = {isa = PBXBuildFile; fileRef = A861B3171E9DD3FB002D61F0 /* main.m */; };
		A861B31B1E9DD3FB002D61F0 /* AppDelegate.m in Sources */ = {isa = PBXBuildFile; fileRef = A861B31A1E9DD3FB002D61F0 /* AppDelegate.m */; };
		A861B3211E9DD3FB002D61F0 /* Main.storyboard in Resources */ = {isa = PBXBuildFile; fileRef = A861B31F1E9DD3FB002D61F0 /* Main.storyboard */; };
		A861B3231E9DD3FB002D61F0 /* Assets.xcassets in Resources */ = {isa = PBXBuildFile; fileRef = A861B3221E9DD3FB002D61F0 /* Assets.xcassets */; };
		A861B3261E9DD3FB002D61F0 /* LaunchScreen.storyboard in Resources */ = {isa = PBXBuildFile; fileRef = A861B3241E9DD3FB002D61F0 /* LaunchScreen.storyboard */; };
		D5865ED41E9F51F700E070D4 /* AFHTTPSessionManager.m in Sources */ = {isa = PBXBuildFile; fileRef = D5865EC81E9F51F700E070D4 /* AFHTTPSessionManager.m */; };
		D5865ED51E9F51F700E070D4 /* AFNetworkReachabilityManager.m in Sources */ = {isa = PBXBuildFile; fileRef = D5865ECB1E9F51F700E070D4 /* AFNetworkReachabilityManager.m */; };
		D5865ED61E9F51F700E070D4 /* AFSecurityPolicy.m in Sources */ = {isa = PBXBuildFile; fileRef = D5865ECD1E9F51F700E070D4 /* AFSecurityPolicy.m */; };
		D5865ED71E9F51F700E070D4 /* AFURLRequestSerialization.m in Sources */ = {isa = PBXBuildFile; fileRef = D5865ECF1E9F51F700E070D4 /* AFURLRequestSerialization.m */; };
		D5865ED81E9F51F700E070D4 /* AFURLResponseSerialization.m in Sources */ = {isa = PBXBuildFile; fileRef = D5865ED11E9F51F700E070D4 /* AFURLResponseSerialization.m */; };
		D5865ED91E9F51F700E070D4 /* AFURLSessionManager.m in Sources */ = {isa = PBXBuildFile; fileRef = D5865ED31E9F51F700E070D4 /* AFURLSessionManager.m */; };
		D5865EE21E9F520C00E070D4 /* DataParser.m in Sources */ = {isa = PBXBuildFile; fileRef = D5865EDD1E9F520C00E070D4 /* DataParser.m */; };
		D5865EE31E9F520C00E070D4 /* NetWorkingMain.m in Sources */ = {isa = PBXBuildFile; fileRef = D5865EDF1E9F520C00E070D4 /* NetWorkingMain.m */; };
		D5865EE41E9F520C00E070D4 /* NetworkRequestManager.m in Sources */ = {isa = PBXBuildFile; fileRef = D5865EE11E9F520C00E070D4 /* NetworkRequestManager.m */; };
		D5865EED1E9F523100E070D4 /* MySingleton.m in Sources */ = {isa = PBXBuildFile; fileRef = D5865EEA1E9F523100E070D4 /* MySingleton.m */; };
		D5865EEE1E9F523100E070D4 /* Util.m in Sources */ = {isa = PBXBuildFile; fileRef = D5865EEC1E9F523100E070D4 /* Util.m */; };
		D5865EF41E9F554200E070D4 /* waiter.xcdatamodeld in Sources */ = {isa = PBXBuildFile; fileRef = D5865EF21E9F554200E070D4 /* waiter.xcdatamodeld */; };
		D5865EFD1E9F55C500E070D4 /* DBUserInfo+CoreDataClass.m in Sources */ = {isa = PBXBuildFile; fileRef = D5865EF61E9F55C500E070D4 /* DBUserInfo+CoreDataClass.m */; };
		D5865EFE1E9F55C500E070D4 /* DBUserInfo+CoreDataProperties.m in Sources */ = {isa = PBXBuildFile; fileRef = D5865EF81E9F55C500E070D4 /* DBUserInfo+CoreDataProperties.m */; };
		D5865EFF1E9F55C500E070D4 /* DBStatistical+CoreDataClass.m in Sources */ = {isa = PBXBuildFile; fileRef = D5865EFA1E9F55C500E070D4 /* DBStatistical+CoreDataClass.m */; };
		D5865F001E9F55C500E070D4 /* DBStatistical+CoreDataProperties.m in Sources */ = {isa = PBXBuildFile; fileRef = D5865EFC1E9F55C500E070D4 /* DBStatistical+CoreDataProperties.m */; };
		D5865F031E9F579B00E070D4 /* DataBaseManager.m in Sources */ = {isa = PBXBuildFile; fileRef = D5865F021E9F579B00E070D4 /* DataBaseManager.m */; };
		D5865F061E9F818C00E070D4 /* NSString+Addtions.m in Sources */ = {isa = PBXBuildFile; fileRef = D5865F051E9F818C00E070D4 /* NSString+Addtions.m */; };
		D5865F0B1E9F81DB00E070D4 /* Defaut_Enu.m in Sources */ = {isa = PBXBuildFile; fileRef = D5865F081E9F81DB00E070D4 /* Defaut_Enu.m */; };
		D5865F0C1E9F81DB00E070D4 /* UIViewExt.m in Sources */ = {isa = PBXBuildFile; fileRef = D5865F0A1E9F81DB00E070D4 /* UIViewExt.m */; };
		D5865F0F1E9F820D00E070D4 /* CoreData.framework in Frameworks */ = {isa = PBXBuildFile; fileRef = D5865F0E1E9F820D00E070D4 /* CoreData.framework */; };
		D5865F111E9F821600E070D4 /* CoreText.framework in Frameworks */ = {isa = PBXBuildFile; fileRef = D5865F101E9F821600E070D4 /* CoreText.framework */; };
		D59E622E1EA0584B00DFDE85 /* StatisticalListCell.m in Sources */ = {isa = PBXBuildFile; fileRef = D59E622C1EA0584B00DFDE85 /* StatisticalListCell.m */; };
		D59E622F1EA0584B00DFDE85 /* StatisticalListCell.xib in Resources */ = {isa = PBXBuildFile; fileRef = D59E622D1EA0584B00DFDE85 /* StatisticalListCell.xib */; };
		D59E62331EA05E3100DFDE85 /* CustomScoreView.m in Sources */ = {isa = PBXBuildFile; fileRef = D59E62311EA05E3100DFDE85 /* CustomScoreView.m */; };
		D59E62341EA05E3100DFDE85 /* CustomScoreView.xib in Resources */ = {isa = PBXBuildFile; fileRef = D59E62321EA05E3100DFDE85 /* CustomScoreView.xib */; };
		D59E62371EA0730500DFDE85 /* CalendarViewController.m in Sources */ = {isa = PBXBuildFile; fileRef = D59E62361EA0730500DFDE85 /* CalendarViewController.m */; };
		D59E623B1EA0742800DFDE85 /* CalendarDataUtil.m in Sources */ = {isa = PBXBuildFile; fileRef = D59E623A1EA0742800DFDE85 /* CalendarDataUtil.m */; };
		D59E62411EA0768C00DFDE85 /* CalendarDataModel.m in Sources */ = {isa = PBXBuildFile; fileRef = D59E62401EA0768C00DFDE85 /* CalendarDataModel.m */; };
		D59E62441EA07F7100DFDE85 /* CalendarCollectionCell.m in Sources */ = {isa = PBXBuildFile; fileRef = D59E62431EA07F7100DFDE85 /* CalendarCollectionCell.m */; };
		D59E62471EA0984400DFDE85 /* CalendarReusableViewCell.m in Sources */ = {isa = PBXBuildFile; fileRef = D59E62461EA0984400DFDE85 /* CalendarReusableViewCell.m */; };
/* End PBXBuildFile section */

/* Begin PBXFileReference section */
		9C1995211E9F0F5400AC34DB /* MainViewController.h */ = {isa = PBXFileReference; fileEncoding = 4; lastKnownFileType = sourcecode.c.h; name = MainViewController.h; path = waiter/MainViewController.h; sourceTree = SOURCE_ROOT; };
		9C1995221E9F0F5400AC34DB /* MainViewController.m */ = {isa = PBXFileReference; fileEncoding = 4; lastKnownFileType = sourcecode.c.objc; name = MainViewController.m; path = waiter/MainViewController.m; sourceTree = SOURCE_ROOT; };
		9C1995251E9F149C00AC34DB /* LoginViewController.h */ = {isa = PBXFileReference; fileEncoding = 4; lastKnownFileType = sourcecode.c.h; path = LoginViewController.h; sourceTree = "<group>"; };
		9C1995261E9F149C00AC34DB /* LoginViewController.m */ = {isa = PBXFileReference; fileEncoding = 4; lastKnownFileType = sourcecode.c.objc; path = LoginViewController.m; sourceTree = "<group>"; };
		9C19952B1E9F177F00AC34DB /* FirstLoginViewController.h */ = {isa = PBXFileReference; fileEncoding = 4; lastKnownFileType = sourcecode.c.h; path = FirstLoginViewController.h; sourceTree = "<group>"; };
		9C19952C1E9F177F00AC34DB /* FirstLoginViewController.m */ = {isa = PBXFileReference; fileEncoding = 4; lastKnownFileType = sourcecode.c.objc; path = FirstLoginViewController.m; sourceTree = "<group>"; };
		9C1995321E9F1AB000AC34DB /* StatisticalViewController.h */ = {isa = PBXFileReference; fileEncoding = 4; lastKnownFileType = sourcecode.c.h; path = StatisticalViewController.h; sourceTree = "<group>"; };
		9C1995331E9F1AB000AC34DB /* StatisticalViewController.m */ = {isa = PBXFileReference; fileEncoding = 4; lastKnownFileType = sourcecode.c.objc; path = StatisticalViewController.m; sourceTree = "<group>"; };
		9C1995371E9F4BF000AC34DB /* TaskListCell.h */ = {isa = PBXFileReference; fileEncoding = 4; lastKnownFileType = sourcecode.c.h; path = TaskListCell.h; sourceTree = "<group>"; };
		9C1995381E9F4BF000AC34DB /* TaskListCell.m */ = {isa = PBXFileReference; fileEncoding = 4; lastKnownFileType = sourcecode.c.objc; path = TaskListCell.m; sourceTree = "<group>"; };
		A861B3131E9DD3FB002D61F0 /* waiter.app */ = {isa = PBXFileReference; explicitFileType = wrapper.application; includeInIndex = 0; path = waiter.app; sourceTree = BUILT_PRODUCTS_DIR; };
		A861B3171E9DD3FB002D61F0 /* main.m */ = {isa = PBXFileReference; lastKnownFileType = sourcecode.c.objc; path = main.m; sourceTree = "<group>"; };
		A861B3191E9DD3FB002D61F0 /* AppDelegate.h */ = {isa = PBXFileReference; lastKnownFileType = sourcecode.c.h; path = AppDelegate.h; sourceTree = "<group>"; };
		A861B31A1E9DD3FB002D61F0 /* AppDelegate.m */ = {isa = PBXFileReference; lastKnownFileType = sourcecode.c.objc; path = AppDelegate.m; sourceTree = "<group>"; };
		A861B3201E9DD3FB002D61F0 /* Base */ = {isa = PBXFileReference; lastKnownFileType = file.storyboard; name = Base; path = Base.lproj/Main.storyboard; sourceTree = "<group>"; };
		A861B3221E9DD3FB002D61F0 /* Assets.xcassets */ = {isa = PBXFileReference; lastKnownFileType = folder.assetcatalog; path = Assets.xcassets; sourceTree = "<group>"; };
		A861B3251E9DD3FB002D61F0 /* Base */ = {isa = PBXFileReference; lastKnownFileType = file.storyboard; name = Base; path = Base.lproj/LaunchScreen.storyboard; sourceTree = "<group>"; };
		A861B3271E9DD3FB002D61F0 /* Info.plist */ = {isa = PBXFileReference; lastKnownFileType = text.plist.xml; path = Info.plist; sourceTree = "<group>"; };
		D5865EC71E9F51F700E070D4 /* AFHTTPSessionManager.h */ = {isa = PBXFileReference; fileEncoding = 4; lastKnownFileType = sourcecode.c.h; path = AFHTTPSessionManager.h; sourceTree = "<group>"; };
		D5865EC81E9F51F700E070D4 /* AFHTTPSessionManager.m */ = {isa = PBXFileReference; fileEncoding = 4; lastKnownFileType = sourcecode.c.objc; path = AFHTTPSessionManager.m; sourceTree = "<group>"; };
		D5865EC91E9F51F700E070D4 /* AFNetworking.h */ = {isa = PBXFileReference; fileEncoding = 4; lastKnownFileType = sourcecode.c.h; path = AFNetworking.h; sourceTree = "<group>"; };
		D5865ECA1E9F51F700E070D4 /* AFNetworkReachabilityManager.h */ = {isa = PBXFileReference; fileEncoding = 4; lastKnownFileType = sourcecode.c.h; path = AFNetworkReachabilityManager.h; sourceTree = "<group>"; };
		D5865ECB1E9F51F700E070D4 /* AFNetworkReachabilityManager.m */ = {isa = PBXFileReference; fileEncoding = 4; lastKnownFileType = sourcecode.c.objc; path = AFNetworkReachabilityManager.m; sourceTree = "<group>"; };
		D5865ECC1E9F51F700E070D4 /* AFSecurityPolicy.h */ = {isa = PBXFileReference; fileEncoding = 4; lastKnownFileType = sourcecode.c.h; path = AFSecurityPolicy.h; sourceTree = "<group>"; };
		D5865ECD1E9F51F700E070D4 /* AFSecurityPolicy.m */ = {isa = PBXFileReference; fileEncoding = 4; lastKnownFileType = sourcecode.c.objc; path = AFSecurityPolicy.m; sourceTree = "<group>"; };
		D5865ECE1E9F51F700E070D4 /* AFURLRequestSerialization.h */ = {isa = PBXFileReference; fileEncoding = 4; lastKnownFileType = sourcecode.c.h; path = AFURLRequestSerialization.h; sourceTree = "<group>"; };
		D5865ECF1E9F51F700E070D4 /* AFURLRequestSerialization.m */ = {isa = PBXFileReference; fileEncoding = 4; lastKnownFileType = sourcecode.c.objc; path = AFURLRequestSerialization.m; sourceTree = "<group>"; };
		D5865ED01E9F51F700E070D4 /* AFURLResponseSerialization.h */ = {isa = PBXFileReference; fileEncoding = 4; lastKnownFileType = sourcecode.c.h; path = AFURLResponseSerialization.h; sourceTree = "<group>"; };
		D5865ED11E9F51F700E070D4 /* AFURLResponseSerialization.m */ = {isa = PBXFileReference; fileEncoding = 4; lastKnownFileType = sourcecode.c.objc; path = AFURLResponseSerialization.m; sourceTree = "<group>"; };
		D5865ED21E9F51F700E070D4 /* AFURLSessionManager.h */ = {isa = PBXFileReference; fileEncoding = 4; lastKnownFileType = sourcecode.c.h; path = AFURLSessionManager.h; sourceTree = "<group>"; };
		D5865ED31E9F51F700E070D4 /* AFURLSessionManager.m */ = {isa = PBXFileReference; fileEncoding = 4; lastKnownFileType = sourcecode.c.objc; path = AFURLSessionManager.m; sourceTree = "<group>"; };
		D5865EDC1E9F520C00E070D4 /* DataParser.h */ = {isa = PBXFileReference; fileEncoding = 4; lastKnownFileType = sourcecode.c.h; path = DataParser.h; sourceTree = "<group>"; };
		D5865EDD1E9F520C00E070D4 /* DataParser.m */ = {isa = PBXFileReference; fileEncoding = 4; lastKnownFileType = sourcecode.c.objc; path = DataParser.m; sourceTree = "<group>"; };
		D5865EDE1E9F520C00E070D4 /* NetWorkingMain.h */ = {isa = PBXFileReference; fileEncoding = 4; lastKnownFileType = sourcecode.c.h; path = NetWorkingMain.h; sourceTree = "<group>"; };
		D5865EDF1E9F520C00E070D4 /* NetWorkingMain.m */ = {isa = PBXFileReference; fileEncoding = 4; lastKnownFileType = sourcecode.c.objc; path = NetWorkingMain.m; sourceTree = "<group>"; };
		D5865EE01E9F520C00E070D4 /* NetworkRequestManager.h */ = {isa = PBXFileReference; fileEncoding = 4; lastKnownFileType = sourcecode.c.h; path = NetworkRequestManager.h; sourceTree = "<group>"; };
		D5865EE11E9F520C00E070D4 /* NetworkRequestManager.m */ = {isa = PBXFileReference; fileEncoding = 4; lastKnownFileType = sourcecode.c.objc; path = NetworkRequestManager.m; sourceTree = "<group>"; };
		D5865EE61E9F522700E070D4 /* PrefixHeader.pch */ = {isa = PBXFileReference; fileEncoding = 4; lastKnownFileType = sourcecode.c.h; path = PrefixHeader.pch; sourceTree = "<group>"; };
		D5865EE71E9F522700E070D4 /* PropertiesFile.h */ = {isa = PBXFileReference; fileEncoding = 4; lastKnownFileType = sourcecode.c.h; path = PropertiesFile.h; sourceTree = "<group>"; };
		D5865EE91E9F523100E070D4 /* MySingleton.h */ = {isa = PBXFileReference; fileEncoding = 4; lastKnownFileType = sourcecode.c.h; path = MySingleton.h; sourceTree = "<group>"; };
		D5865EEA1E9F523100E070D4 /* MySingleton.m */ = {isa = PBXFileReference; fileEncoding = 4; lastKnownFileType = sourcecode.c.objc; path = MySingleton.m; sourceTree = "<group>"; };
		D5865EEB1E9F523100E070D4 /* Util.h */ = {isa = PBXFileReference; fileEncoding = 4; lastKnownFileType = sourcecode.c.h; path = Util.h; sourceTree = "<group>"; };
		D5865EEC1E9F523100E070D4 /* Util.m */ = {isa = PBXFileReference; fileEncoding = 4; lastKnownFileType = sourcecode.c.objc; path = Util.m; sourceTree = "<group>"; };
		D5865EEF1E9F53CE00E070D4 /* HeaderFiles.h */ = {isa = PBXFileReference; lastKnownFileType = sourcecode.c.h; path = HeaderFiles.h; sourceTree = "<group>"; };
		D5865EF01E9F53FD00E070D4 /* InterfaceFiles.h */ = {isa = PBXFileReference; lastKnownFileType = sourcecode.c.h; path = InterfaceFiles.h; sourceTree = "<group>"; };
		D5865EF31E9F554200E070D4 /* waiter.xcdatamodel */ = {isa = PBXFileReference; explicitFileType = wrapper.xcdatamodel; path = waiter.xcdatamodel; sourceTree = "<group>"; };
		D5865EF51E9F55C500E070D4 /* DBUserInfo+CoreDataClass.h */ = {isa = PBXFileReference; fileEncoding = 4; lastKnownFileType = sourcecode.c.h; path = "DBUserInfo+CoreDataClass.h"; sourceTree = "<group>"; };
		D5865EF61E9F55C500E070D4 /* DBUserInfo+CoreDataClass.m */ = {isa = PBXFileReference; fileEncoding = 4; lastKnownFileType = sourcecode.c.objc; path = "DBUserInfo+CoreDataClass.m"; sourceTree = "<group>"; };
		D5865EF71E9F55C500E070D4 /* DBUserInfo+CoreDataProperties.h */ = {isa = PBXFileReference; fileEncoding = 4; lastKnownFileType = sourcecode.c.h; path = "DBUserInfo+CoreDataProperties.h"; sourceTree = "<group>"; };
		D5865EF81E9F55C500E070D4 /* DBUserInfo+CoreDataProperties.m */ = {isa = PBXFileReference; fileEncoding = 4; lastKnownFileType = sourcecode.c.objc; path = "DBUserInfo+CoreDataProperties.m"; sourceTree = "<group>"; };
		D5865EF91E9F55C500E070D4 /* DBStatistical+CoreDataClass.h */ = {isa = PBXFileReference; fileEncoding = 4; lastKnownFileType = sourcecode.c.h; path = "DBStatistical+CoreDataClass.h"; sourceTree = "<group>"; };
		D5865EFA1E9F55C500E070D4 /* DBStatistical+CoreDataClass.m */ = {isa = PBXFileReference; fileEncoding = 4; lastKnownFileType = sourcecode.c.objc; path = "DBStatistical+CoreDataClass.m"; sourceTree = "<group>"; };
		D5865EFB1E9F55C500E070D4 /* DBStatistical+CoreDataProperties.h */ = {isa = PBXFileReference; fileEncoding = 4; lastKnownFileType = sourcecode.c.h; path = "DBStatistical+CoreDataProperties.h"; sourceTree = "<group>"; };
		D5865EFC1E9F55C500E070D4 /* DBStatistical+CoreDataProperties.m */ = {isa = PBXFileReference; fileEncoding = 4; lastKnownFileType = sourcecode.c.objc; path = "DBStatistical+CoreDataProperties.m"; sourceTree = "<group>"; };
		D5865F011E9F579B00E070D4 /* DataBaseManager.h */ = {isa = PBXFileReference; fileEncoding = 4; lastKnownFileType = sourcecode.c.h; path = DataBaseManager.h; sourceTree = "<group>"; };
		D5865F021E9F579B00E070D4 /* DataBaseManager.m */ = {isa = PBXFileReference; fileEncoding = 4; lastKnownFileType = sourcecode.c.objc; path = DataBaseManager.m; sourceTree = "<group>"; };
		D5865F041E9F818C00E070D4 /* NSString+Addtions.h */ = {isa = PBXFileReference; fileEncoding = 4; lastKnownFileType = sourcecode.c.h; path = "NSString+Addtions.h"; sourceTree = "<group>"; };
		D5865F051E9F818C00E070D4 /* NSString+Addtions.m */ = {isa = PBXFileReference; fileEncoding = 4; lastKnownFileType = sourcecode.c.objc; path = "NSString+Addtions.m"; sourceTree = "<group>"; };
		D5865F071E9F81DB00E070D4 /* Defaut_Enu.h */ = {isa = PBXFileReference; fileEncoding = 4; lastKnownFileType = sourcecode.c.h; path = Defaut_Enu.h; sourceTree = "<group>"; };
		D5865F081E9F81DB00E070D4 /* Defaut_Enu.m */ = {isa = PBXFileReference; fileEncoding = 4; lastKnownFileType = sourcecode.c.objc; path = Defaut_Enu.m; sourceTree = "<group>"; };
		D5865F091E9F81DB00E070D4 /* UIViewExt.h */ = {isa = PBXFileReference; fileEncoding = 4; lastKnownFileType = sourcecode.c.h; path = UIViewExt.h; sourceTree = "<group>"; };
		D5865F0A1E9F81DB00E070D4 /* UIViewExt.m */ = {isa = PBXFileReference; fileEncoding = 4; lastKnownFileType = sourcecode.c.objc; path = UIViewExt.m; sourceTree = "<group>"; };
		D5865F0E1E9F820D00E070D4 /* CoreData.framework */ = {isa = PBXFileReference; lastKnownFileType = wrapper.framework; name = CoreData.framework; path = System/Library/Frameworks/CoreData.framework; sourceTree = SDKROOT; };
		D5865F101E9F821600E070D4 /* CoreText.framework */ = {isa = PBXFileReference; lastKnownFileType = wrapper.framework; name = CoreText.framework; path = System/Library/Frameworks/CoreText.framework; sourceTree = SDKROOT; };
		D59E622B1EA0584B00DFDE85 /* StatisticalListCell.h */ = {isa = PBXFileReference; fileEncoding = 4; lastKnownFileType = sourcecode.c.h; path = StatisticalListCell.h; sourceTree = "<group>"; };
		D59E622C1EA0584B00DFDE85 /* StatisticalListCell.m */ = {isa = PBXFileReference; fileEncoding = 4; lastKnownFileType = sourcecode.c.objc; path = StatisticalListCell.m; sourceTree = "<group>"; };
		D59E622D1EA0584B00DFDE85 /* StatisticalListCell.xib */ = {isa = PBXFileReference; fileEncoding = 4; lastKnownFileType = file.xib; path = StatisticalListCell.xib; sourceTree = "<group>"; };
		D59E62301EA05E3100DFDE85 /* CustomScoreView.h */ = {isa = PBXFileReference; fileEncoding = 4; lastKnownFileType = sourcecode.c.h; path = CustomScoreView.h; sourceTree = "<group>"; };
		D59E62311EA05E3100DFDE85 /* CustomScoreView.m */ = {isa = PBXFileReference; fileEncoding = 4; lastKnownFileType = sourcecode.c.objc; path = CustomScoreView.m; sourceTree = "<group>"; };
		D59E62321EA05E3100DFDE85 /* CustomScoreView.xib */ = {isa = PBXFileReference; fileEncoding = 4; lastKnownFileType = file.xib; path = CustomScoreView.xib; sourceTree = "<group>"; };
		D59E62351EA0730500DFDE85 /* CalendarViewController.h */ = {isa = PBXFileReference; fileEncoding = 4; lastKnownFileType = sourcecode.c.h; path = CalendarViewController.h; sourceTree = "<group>"; };
		D59E62361EA0730500DFDE85 /* CalendarViewController.m */ = {isa = PBXFileReference; fileEncoding = 4; lastKnownFileType = sourcecode.c.objc; path = CalendarViewController.m; sourceTree = "<group>"; };
		D59E62391EA0742800DFDE85 /* CalendarDataUtil.h */ = {isa = PBXFileReference; fileEncoding = 4; lastKnownFileType = sourcecode.c.h; path = CalendarDataUtil.h; sourceTree = "<group>"; };
		D59E623A1EA0742800DFDE85 /* CalendarDataUtil.m */ = {isa = PBXFileReference; fileEncoding = 4; lastKnownFileType = sourcecode.c.objc; path = CalendarDataUtil.m; sourceTree = "<group>"; };
		D59E623F1EA0768C00DFDE85 /* CalendarDataModel.h */ = {isa = PBXFileReference; fileEncoding = 4; lastKnownFileType = sourcecode.c.h; path = CalendarDataModel.h; sourceTree = "<group>"; };
		D59E62401EA0768C00DFDE85 /* CalendarDataModel.m */ = {isa = PBXFileReference; fileEncoding = 4; lastKnownFileType = sourcecode.c.objc; path = CalendarDataModel.m; sourceTree = "<group>"; };
		D59E62421EA07F7100DFDE85 /* CalendarCollectionCell.h */ = {isa = PBXFileReference; fileEncoding = 4; lastKnownFileType = sourcecode.c.h; path = CalendarCollectionCell.h; sourceTree = "<group>"; };
		D59E62431EA07F7100DFDE85 /* CalendarCollectionCell.m */ = {isa = PBXFileReference; fileEncoding = 4; lastKnownFileType = sourcecode.c.objc; path = CalendarCollectionCell.m; sourceTree = "<group>"; };
		D59E62451EA0984400DFDE85 /* CalendarReusableViewCell.h */ = {isa = PBXFileReference; fileEncoding = 4; lastKnownFileType = sourcecode.c.h; path = CalendarReusableViewCell.h; sourceTree = "<group>"; };
		D59E62461EA0984400DFDE85 /* CalendarReusableViewCell.m */ = {isa = PBXFileReference; fileEncoding = 4; lastKnownFileType = sourcecode.c.objc; path = CalendarReusableViewCell.m; sourceTree = "<group>"; };
/* End PBXFileReference section */

/* Begin PBXFrameworksBuildPhase section */
		A861B3101E9DD3FB002D61F0 /* Frameworks */ = {
			isa = PBXFrameworksBuildPhase;
			buildActionMask = 2147483647;
			files = (
				D5865F111E9F821600E070D4 /* CoreText.framework in Frameworks */,
				D5865F0F1E9F820D00E070D4 /* CoreData.framework in Frameworks */,
			);
			runOnlyForDeploymentPostprocessing = 0;
		};
/* End PBXFrameworksBuildPhase section */

/* Begin PBXGroup section */
		9C1995241E9F148D00AC34DB /* Login */ = {
			isa = PBXGroup;
			children = (
				9C1995251E9F149C00AC34DB /* LoginViewController.h */,
				9C1995261E9F149C00AC34DB /* LoginViewController.m */,
				9C19952B1E9F177F00AC34DB /* FirstLoginViewController.h */,
				9C19952C1E9F177F00AC34DB /* FirstLoginViewController.m */,
			);
			path = Login;
			sourceTree = "<group>";
		};
		9C19952E1E9F1A7F00AC34DB /* statisticalTask */ = {
			isa = PBXGroup;
			children = (
				9C1995321E9F1AB000AC34DB /* StatisticalViewController.h */,
				9C1995331E9F1AB000AC34DB /* StatisticalViewController.m */,
				D59E62351EA0730500DFDE85 /* CalendarViewController.h */,
				D59E62361EA0730500DFDE85 /* CalendarViewController.m */,
				D59E62381EA073D200DFDE85 /* CalendarData */,
				D59E622A1EA057EF00DFDE85 /* views */,
			);
			name = statisticalTask;
			path = Login/statisticalTask;
			sourceTree = "<group>";
		};
		9C1995361E9F4BD100AC34DB /* Main */ = {
			isa = PBXGroup;
			children = (
				9C1995211E9F0F5400AC34DB /* MainViewController.h */,
				9C1995221E9F0F5400AC34DB /* MainViewController.m */,
				9C1995371E9F4BF000AC34DB /* TaskListCell.h */,
				9C1995381E9F4BF000AC34DB /* TaskListCell.m */,
			);
			path = Main;
			sourceTree = "<group>";
		};
		A861B30A1E9DD3FB002D61F0 = {
			isa = PBXGroup;
			children = (
				A861B3151E9DD3FB002D61F0 /* waiter */,
				A861B3141E9DD3FB002D61F0 /* Products */,
				D5865F0D1E9F820D00E070D4 /* Frameworks */,
			);
			sourceTree = "<group>";
		};
		A861B3141E9DD3FB002D61F0 /* Products */ = {
			isa = PBXGroup;
			children = (
				A861B3131E9DD3FB002D61F0 /* waiter.app */,
			);
			name = Products;
			sourceTree = "<group>";
		};
		A861B3151E9DD3FB002D61F0 /* waiter */ = {
			isa = PBXGroup;
			children = (
				D5865EE51E9F522700E070D4 /* MacroFile */,
				D5865EC51E9F51F700E070D4 /* 3rd */,
				D5865EDA1E9F520C00E070D4 /* 3rdManager */,
				D5865EE81E9F523100E070D4 /* Utils */,
				D5865EF11E9F552900E070D4 /* DataBase */,
				A861B3191E9DD3FB002D61F0 /* AppDelegate.h */,
				A861B31A1E9DD3FB002D61F0 /* AppDelegate.m */,
				A861B31F1E9DD3FB002D61F0 /* Main.storyboard */,
				9C1995241E9F148D00AC34DB /* Login */,
				9C19952E1E9F1A7F00AC34DB /* statisticalTask */,
				9C1995361E9F4BD100AC34DB /* Main */,
				A861B3221E9DD3FB002D61F0 /* Assets.xcassets */,
				A861B3241E9DD3FB002D61F0 /* LaunchScreen.storyboard */,
				A861B3271E9DD3FB002D61F0 /* Info.plist */,
				A861B3161E9DD3FB002D61F0 /* Supporting Files */,
			);
			path = waiter;
			sourceTree = "<group>";
		};
		A861B3161E9DD3FB002D61F0 /* Supporting Files */ = {
			isa = PBXGroup;
			children = (
				A861B3171E9DD3FB002D61F0 /* main.m */,
			);
			name = "Supporting Files";
			sourceTree = "<group>";
		};
		D5865EC51E9F51F700E070D4 /* 3rd */ = {
			isa = PBXGroup;
			children = (
				D5865EC61E9F51F700E070D4 /* AFNetworking */,
			);
			path = 3rd;
			sourceTree = "<group>";
		};
		D5865EC61E9F51F700E070D4 /* AFNetworking */ = {
			isa = PBXGroup;
			children = (
				D5865EC71E9F51F700E070D4 /* AFHTTPSessionManager.h */,
				D5865EC81E9F51F700E070D4 /* AFHTTPSessionManager.m */,
				D5865EC91E9F51F700E070D4 /* AFNetworking.h */,
				D5865ECA1E9F51F700E070D4 /* AFNetworkReachabilityManager.h */,
				D5865ECB1E9F51F700E070D4 /* AFNetworkReachabilityManager.m */,
				D5865ECC1E9F51F700E070D4 /* AFSecurityPolicy.h */,
				D5865ECD1E9F51F700E070D4 /* AFSecurityPolicy.m */,
				D5865ECE1E9F51F700E070D4 /* AFURLRequestSerialization.h */,
				D5865ECF1E9F51F700E070D4 /* AFURLRequestSerialization.m */,
				D5865ED01E9F51F700E070D4 /* AFURLResponseSerialization.h */,
				D5865ED11E9F51F700E070D4 /* AFURLResponseSerialization.m */,
				D5865ED21E9F51F700E070D4 /* AFURLSessionManager.h */,
				D5865ED31E9F51F700E070D4 /* AFURLSessionManager.m */,
			);
			path = AFNetworking;
			sourceTree = "<group>";
		};
		D5865EDA1E9F520C00E070D4 /* 3rdManager */ = {
			isa = PBXGroup;
			children = (
				D5865EDB1E9F520C00E070D4 /* NetWorkingManager */,
			);
			path = 3rdManager;
			sourceTree = "<group>";
		};
		D5865EDB1E9F520C00E070D4 /* NetWorkingManager */ = {
			isa = PBXGroup;
			children = (
				D5865EDC1E9F520C00E070D4 /* DataParser.h */,
				D5865EDD1E9F520C00E070D4 /* DataParser.m */,
				D5865EDE1E9F520C00E070D4 /* NetWorkingMain.h */,
				D5865EDF1E9F520C00E070D4 /* NetWorkingMain.m */,
				D5865EE01E9F520C00E070D4 /* NetworkRequestManager.h */,
				D5865EE11E9F520C00E070D4 /* NetworkRequestManager.m */,
			);
			path = NetWorkingManager;
			sourceTree = "<group>";
		};
		D5865EE51E9F522700E070D4 /* MacroFile */ = {
			isa = PBXGroup;
			children = (
				D5865EE61E9F522700E070D4 /* PrefixHeader.pch */,
				D5865EE71E9F522700E070D4 /* PropertiesFile.h */,
				D5865EEF1E9F53CE00E070D4 /* HeaderFiles.h */,
				D5865EF01E9F53FD00E070D4 /* InterfaceFiles.h */,
			);
			path = MacroFile;
			sourceTree = "<group>";
		};
		D5865EE81E9F523100E070D4 /* Utils */ = {
			isa = PBXGroup;
			children = (
				D5865EE91E9F523100E070D4 /* MySingleton.h */,
				D5865EEA1E9F523100E070D4 /* MySingleton.m */,
				D5865EEB1E9F523100E070D4 /* Util.h */,
				D5865EEC1E9F523100E070D4 /* Util.m */,
				D5865F041E9F818C00E070D4 /* NSString+Addtions.h */,
				D5865F051E9F818C00E070D4 /* NSString+Addtions.m */,
				D5865F071E9F81DB00E070D4 /* Defaut_Enu.h */,
				D5865F081E9F81DB00E070D4 /* Defaut_Enu.m */,
				D5865F091E9F81DB00E070D4 /* UIViewExt.h */,
				D5865F0A1E9F81DB00E070D4 /* UIViewExt.m */,
			);
			path = Utils;
			sourceTree = "<group>";
		};
		D5865EF11E9F552900E070D4 /* DataBase */ = {
			isa = PBXGroup;
			children = (
				D5865EF51E9F55C500E070D4 /* DBUserInfo+CoreDataClass.h */,
				D5865EF61E9F55C500E070D4 /* DBUserInfo+CoreDataClass.m */,
				D5865EF71E9F55C500E070D4 /* DBUserInfo+CoreDataProperties.h */,
				D5865EF81E9F55C500E070D4 /* DBUserInfo+CoreDataProperties.m */,
				D5865EF91E9F55C500E070D4 /* DBStatistical+CoreDataClass.h */,
				D5865EFA1E9F55C500E070D4 /* DBStatistical+CoreDataClass.m */,
				D5865EFB1E9F55C500E070D4 /* DBStatistical+CoreDataProperties.h */,
				D5865EFC1E9F55C500E070D4 /* DBStatistical+CoreDataProperties.m */,
				D5865EF21E9F554200E070D4 /* waiter.xcdatamodeld */,
				D5865F011E9F579B00E070D4 /* DataBaseManager.h */,
				D5865F021E9F579B00E070D4 /* DataBaseManager.m */,
			);
			path = DataBase;
			sourceTree = "<group>";
		};
		D5865F0D1E9F820D00E070D4 /* Frameworks */ = {
			isa = PBXGroup;
			children = (
				D5865F101E9F821600E070D4 /* CoreText.framework */,
				D5865F0E1E9F820D00E070D4 /* CoreData.framework */,
			);
			name = Frameworks;
			sourceTree = "<group>";
		};
		D59E622A1EA057EF00DFDE85 /* views */ = {
			isa = PBXGroup;
			children = (
				D59E622B1EA0584B00DFDE85 /* StatisticalListCell.h */,
				D59E622C1EA0584B00DFDE85 /* StatisticalListCell.m */,
				D59E622D1EA0584B00DFDE85 /* StatisticalListCell.xib */,
				D59E62301EA05E3100DFDE85 /* CustomScoreView.h */,
				D59E62311EA05E3100DFDE85 /* CustomScoreView.m */,
				D59E62321EA05E3100DFDE85 /* CustomScoreView.xib */,
				D59E62421EA07F7100DFDE85 /* CalendarCollectionCell.h */,
				D59E62431EA07F7100DFDE85 /* CalendarCollectionCell.m */,
				D59E62451EA0984400DFDE85 /* CalendarReusableViewCell.h */,
				D59E62461EA0984400DFDE85 /* CalendarReusableViewCell.m */,
			);
			path = views;
			sourceTree = "<group>";
		};
		D59E62381EA073D200DFDE85 /* CalendarData */ = {
			isa = PBXGroup;
			children = (
				D59E62391EA0742800DFDE85 /* CalendarDataUtil.h */,
				D59E623A1EA0742800DFDE85 /* CalendarDataUtil.m */,
				D59E623F1EA0768C00DFDE85 /* CalendarDataModel.h */,
				D59E62401EA0768C00DFDE85 /* CalendarDataModel.m */,
			);
			path = CalendarData;
			sourceTree = "<group>";
		};
/* End PBXGroup section */

/* Begin PBXNativeTarget section */
		A861B3121E9DD3FB002D61F0 /* waiter */ = {
			isa = PBXNativeTarget;
			buildConfigurationList = A861B32A1E9DD3FB002D61F0 /* Build configuration list for PBXNativeTarget "waiter" */;
			buildPhases = (
				A861B30F1E9DD3FB002D61F0 /* Sources */,
				A861B3101E9DD3FB002D61F0 /* Frameworks */,
				A861B3111E9DD3FB002D61F0 /* Resources */,
			);
			buildRules = (
			);
			dependencies = (
			);
			name = waiter;
			productName = waiter;
			productReference = A861B3131E9DD3FB002D61F0 /* waiter.app */;
			productType = "com.apple.product-type.application";
		};
/* End PBXNativeTarget section */

/* Begin PBXProject section */
		A861B30B1E9DD3FB002D61F0 /* Project object */ = {
			isa = PBXProject;
			attributes = {
				LastUpgradeCheck = 0830;
				ORGANIZATIONNAME = liuchao;
				TargetAttributes = {
					A861B3121E9DD3FB002D61F0 = {
						CreatedOnToolsVersion = 8.3;
						DevelopmentTeam = 29HSV437NA;
						ProvisioningStyle = Automatic;
					};
				};
			};
			buildConfigurationList = A861B30E1E9DD3FB002D61F0 /* Build configuration list for PBXProject "waiter" */;
			compatibilityVersion = "Xcode 3.2";
			developmentRegion = English;
			hasScannedForEncodings = 0;
			knownRegions = (
				en,
				Base,
			);
			mainGroup = A861B30A1E9DD3FB002D61F0;
			productRefGroup = A861B3141E9DD3FB002D61F0 /* Products */;
			projectDirPath = "";
			projectRoot = "";
			targets = (
				A861B3121E9DD3FB002D61F0 /* waiter */,
			);
		};
/* End PBXProject section */

/* Begin PBXResourcesBuildPhase section */
		A861B3111E9DD3FB002D61F0 /* Resources */ = {
			isa = PBXResourcesBuildPhase;
			buildActionMask = 2147483647;
			files = (
				A861B3261E9DD3FB002D61F0 /* LaunchScreen.storyboard in Resources */,
				D59E62341EA05E3100DFDE85 /* CustomScoreView.xib in Resources */,
				D59E622F1EA0584B00DFDE85 /* StatisticalListCell.xib in Resources */,
				A861B3231E9DD3FB002D61F0 /* Assets.xcassets in Resources */,
				A861B3211E9DD3FB002D61F0 /* Main.storyboard in Resources */,
			);
			runOnlyForDeploymentPostprocessing = 0;
		};
/* End PBXResourcesBuildPhase section */

/* Begin PBXSourcesBuildPhase section */
		A861B30F1E9DD3FB002D61F0 /* Sources */ = {
			isa = PBXSourcesBuildPhase;
			buildActionMask = 2147483647;
			files = (
				D5865EFE1E9F55C500E070D4 /* DBUserInfo+CoreDataProperties.m in Sources */,
				D59E622E1EA0584B00DFDE85 /* StatisticalListCell.m in Sources */,
				D5865EE31E9F520C00E070D4 /* NetWorkingMain.m in Sources */,
				D5865ED91E9F51F700E070D4 /* AFURLSessionManager.m in Sources */,
				D5865EF41E9F554200E070D4 /* waiter.xcdatamodeld in Sources */,
				D5865F0C1E9F81DB00E070D4 /* UIViewExt.m in Sources */,
				D5865F031E9F579B00E070D4 /* DataBaseManager.m in Sources */,
				D59E62331EA05E3100DFDE85 /* CustomScoreView.m in Sources */,
				9C1995341E9F1AB000AC34DB /* StatisticalViewController.m in Sources */,
				D59E62471EA0984400DFDE85 /* CalendarReusableViewCell.m in Sources */,
				9C1995271E9F149C00AC34DB /* LoginViewController.m in Sources */,
				A861B31B1E9DD3FB002D61F0 /* AppDelegate.m in Sources */,
				D5865EE41E9F520C00E070D4 /* NetworkRequestManager.m in Sources */,
				D5865F001E9F55C500E070D4 /* DBStatistical+CoreDataProperties.m in Sources */,
				D5865EFF1E9F55C500E070D4 /* DBStatistical+CoreDataClass.m in Sources */,
				D59E62441EA07F7100DFDE85 /* CalendarCollectionCell.m in Sources */,
				D5865EEE1E9F523100E070D4 /* Util.m in Sources */,
				D5865ED51E9F51F700E070D4 /* AFNetworkReachabilityManager.m in Sources */,
				9C1995391E9F4BF000AC34DB /* TaskListCell.m in Sources */,
				9C19952D1E9F177F00AC34DB /* FirstLoginViewController.m in Sources */,
				9C1995231E9F0F5400AC34DB /* MainViewController.m in Sources */,
				D59E623B1EA0742800DFDE85 /* CalendarDataUtil.m in Sources */,
				A861B3181E9DD3FB002D61F0 /* main.m in Sources */,
				D5865ED61E9F51F700E070D4 /* AFSecurityPolicy.m in Sources */,
				D5865EFD1E9F55C500E070D4 /* DBUserInfo+CoreDataClass.m in Sources */,
				D5865ED71E9F51F700E070D4 /* AFURLRequestSerialization.m in Sources */,
				D59E62411EA0768C00DFDE85 /* CalendarDataModel.m in Sources */,
				D5865EED1E9F523100E070D4 /* MySingleton.m in Sources */,
				D5865F0B1E9F81DB00E070D4 /* Defaut_Enu.m in Sources */,
				D5865ED81E9F51F700E070D4 /* AFURLResponseSerialization.m in Sources */,
				D5865EE21E9F520C00E070D4 /* DataParser.m in Sources */,
				D5865ED41E9F51F700E070D4 /* AFHTTPSessionManager.m in Sources */,
				D59E62371EA0730500DFDE85 /* CalendarViewController.m in Sources */,
				D5865F061E9F818C00E070D4 /* NSString+Addtions.m in Sources */,
			);
			runOnlyForDeploymentPostprocessing = 0;
		};
/* End PBXSourcesBuildPhase section */

/* Begin PBXVariantGroup section */
		A861B31F1E9DD3FB002D61F0 /* Main.storyboard */ = {
			isa = PBXVariantGroup;
			children = (
				A861B3201E9DD3FB002D61F0 /* Base */,
			);
			name = Main.storyboard;
			sourceTree = "<group>";
		};
		A861B3241E9DD3FB002D61F0 /* LaunchScreen.storyboard */ = {
			isa = PBXVariantGroup;
			children = (
				A861B3251E9DD3FB002D61F0 /* Base */,
			);
			name = LaunchScreen.storyboard;
			sourceTree = "<group>";
		};
/* End PBXVariantGroup section */

/* Begin XCBuildConfiguration section */
		A861B3281E9DD3FB002D61F0 /* Debug */ = {
			isa = XCBuildConfiguration;
			buildSettings = {
				ALWAYS_SEARCH_USER_PATHS = NO;
				CLANG_ANALYZER_NONNULL = YES;
				CLANG_ANALYZER_NUMBER_OBJECT_CONVERSION = YES_AGGRESSIVE;
				CLANG_CXX_LANGUAGE_STANDARD = "gnu++0x";
				CLANG_CXX_LIBRARY = "libc++";
				CLANG_ENABLE_MODULES = YES;
				CLANG_ENABLE_OBJC_ARC = YES;
				CLANG_WARN_BOOL_CONVERSION = YES;
				CLANG_WARN_CONSTANT_CONVERSION = YES;
				CLANG_WARN_DIRECT_OBJC_ISA_USAGE = YES_ERROR;
				CLANG_WARN_DOCUMENTATION_COMMENTS = YES;
				CLANG_WARN_EMPTY_BODY = YES;
				CLANG_WARN_ENUM_CONVERSION = YES;
				CLANG_WARN_INFINITE_RECURSION = YES;
				CLANG_WARN_INT_CONVERSION = YES;
				CLANG_WARN_OBJC_ROOT_CLASS = YES_ERROR;
				CLANG_WARN_SUSPICIOUS_MOVE = YES;
				CLANG_WARN_UNREACHABLE_CODE = YES;
				CLANG_WARN__DUPLICATE_METHOD_MATCH = YES;
				"CODE_SIGN_IDENTITY[sdk=iphoneos*]" = "iPhone Developer";
				COPY_PHASE_STRIP = NO;
				DEBUG_INFORMATION_FORMAT = dwarf;
				ENABLE_STRICT_OBJC_MSGSEND = YES;
				ENABLE_TESTABILITY = YES;
				GCC_C_LANGUAGE_STANDARD = gnu99;
				GCC_DYNAMIC_NO_PIC = NO;
				GCC_NO_COMMON_BLOCKS = YES;
				GCC_OPTIMIZATION_LEVEL = 0;
				GCC_PREPROCESSOR_DEFINITIONS = (
					"DEBUG=1",
					"$(inherited)",
				);
				GCC_WARN_64_TO_32_BIT_CONVERSION = YES;
				GCC_WARN_ABOUT_RETURN_TYPE = YES_ERROR;
				GCC_WARN_UNDECLARED_SELECTOR = YES;
				GCC_WARN_UNINITIALIZED_AUTOS = YES_AGGRESSIVE;
				GCC_WARN_UNUSED_FUNCTION = YES;
				GCC_WARN_UNUSED_VARIABLE = YES;
				IPHONEOS_DEPLOYMENT_TARGET = 10.3;
				MTL_ENABLE_DEBUG_INFO = YES;
				ONLY_ACTIVE_ARCH = YES;
				SDKROOT = iphoneos;
			};
			name = Debug;
		};
		A861B3291E9DD3FB002D61F0 /* Release */ = {
			isa = XCBuildConfiguration;
			buildSettings = {
				ALWAYS_SEARCH_USER_PATHS = NO;
				CLANG_ANALYZER_NONNULL = YES;
				CLANG_ANALYZER_NUMBER_OBJECT_CONVERSION = YES_AGGRESSIVE;
				CLANG_CXX_LANGUAGE_STANDARD = "gnu++0x";
				CLANG_CXX_LIBRARY = "libc++";
				CLANG_ENABLE_MODULES = YES;
				CLANG_ENABLE_OBJC_ARC = YES;
				CLANG_WARN_BOOL_CONVERSION = YES;
				CLANG_WARN_CONSTANT_CONVERSION = YES;
				CLANG_WARN_DIRECT_OBJC_ISA_USAGE = YES_ERROR;
				CLANG_WARN_DOCUMENTATION_COMMENTS = YES;
				CLANG_WARN_EMPTY_BODY = YES;
				CLANG_WARN_ENUM_CONVERSION = YES;
				CLANG_WARN_INFINITE_RECURSION = YES;
				CLANG_WARN_INT_CONVERSION = YES;
				CLANG_WARN_OBJC_ROOT_CLASS = YES_ERROR;
				CLANG_WARN_SUSPICIOUS_MOVE = YES;
				CLANG_WARN_UNREACHABLE_CODE = YES;
				CLANG_WARN__DUPLICATE_METHOD_MATCH = YES;
				"CODE_SIGN_IDENTITY[sdk=iphoneos*]" = "iPhone Developer";
				COPY_PHASE_STRIP = NO;
				DEBUG_INFORMATION_FORMAT = "dwarf-with-dsym";
				ENABLE_NS_ASSERTIONS = NO;
				ENABLE_STRICT_OBJC_MSGSEND = YES;
				GCC_C_LANGUAGE_STANDARD = gnu99;
				GCC_NO_COMMON_BLOCKS = YES;
				GCC_WARN_64_TO_32_BIT_CONVERSION = YES;
				GCC_WARN_ABOUT_RETURN_TYPE = YES_ERROR;
				GCC_WARN_UNDECLARED_SELECTOR = YES;
				GCC_WARN_UNINITIALIZED_AUTOS = YES_AGGRESSIVE;
				GCC_WARN_UNUSED_FUNCTION = YES;
				GCC_WARN_UNUSED_VARIABLE = YES;
				IPHONEOS_DEPLOYMENT_TARGET = 10.3;
				MTL_ENABLE_DEBUG_INFO = NO;
				SDKROOT = iphoneos;
				VALIDATE_PRODUCT = YES;
			};
			name = Release;
		};
		A861B32B1E9DD3FB002D61F0 /* Debug */ = {
			isa = XCBuildConfiguration;
			buildSettings = {
				ASSETCATALOG_COMPILER_APPICON_NAME = AppIcon;
				DEVELOPMENT_TEAM = 29HSV437NA;
				GCC_PREFIX_HEADER = "$(SRCROOT)/waiter/MacroFile/PrefixHeader.pch";
				INFOPLIST_FILE = waiter/Info.plist;
				IPHONEOS_DEPLOYMENT_TARGET = 8.0;
				LD_RUNPATH_SEARCH_PATHS = "$(inherited) @executable_path/Frameworks";
				PRODUCT_BUNDLE_IDENTIFIER = com.suzic.waiter;
				PRODUCT_NAME = "$(TARGET_NAME)";
			};
			name = Debug;
		};
		A861B32C1E9DD3FB002D61F0 /* Release */ = {
			isa = XCBuildConfiguration;
			buildSettings = {
				ASSETCATALOG_COMPILER_APPICON_NAME = AppIcon;
				DEVELOPMENT_TEAM = 29HSV437NA;
				GCC_PREFIX_HEADER = "$(SRCROOT)/waiter/MacroFile/PrefixHeader.pch";
				INFOPLIST_FILE = waiter/Info.plist;
				IPHONEOS_DEPLOYMENT_TARGET = 8.0;
				LD_RUNPATH_SEARCH_PATHS = "$(inherited) @executable_path/Frameworks";
				PRODUCT_BUNDLE_IDENTIFIER = com.suzic.waiter;
				PRODUCT_NAME = "$(TARGET_NAME)";
			};
			name = Release;
		};
/* End XCBuildConfiguration section */

/* Begin XCConfigurationList section */
		A861B30E1E9DD3FB002D61F0 /* Build configuration list for PBXProject "waiter" */ = {
			isa = XCConfigurationList;
			buildConfigurations = (
				A861B3281E9DD3FB002D61F0 /* Debug */,
				A861B3291E9DD3FB002D61F0 /* Release */,
			);
			defaultConfigurationIsVisible = 0;
			defaultConfigurationName = Release;
		};
		A861B32A1E9DD3FB002D61F0 /* Build configuration list for PBXNativeTarget "waiter" */ = {
			isa = XCConfigurationList;
			buildConfigurations = (
				A861B32B1E9DD3FB002D61F0 /* Debug */,
				A861B32C1E9DD3FB002D61F0 /* Release */,
			);
			defaultConfigurationIsVisible = 0;
			defaultConfigurationName = Release;
		};
/* End XCConfigurationList section */

/* Begin XCVersionGroup section */
		D5865EF21E9F554200E070D4 /* waiter.xcdatamodeld */ = {
			isa = XCVersionGroup;
			children = (
				D5865EF31E9F554200E070D4 /* waiter.xcdatamodel */,
			);
			currentVersion = D5865EF31E9F554200E070D4 /* waiter.xcdatamodel */;
			path = waiter.xcdatamodeld;
			sourceTree = "<group>";
			versionGroupType = wrapper.xcdatamodel;
		};
/* End XCVersionGroup section */
	};
	rootObject = A861B30B1E9DD3FB002D61F0 /* Project object */;
}
