// !$*UTF8*$!
{
	archiveVersion = 1;
	classes = {
	};
	objectVersion = 46;
	objects = {

/* Begin PBXBuildFile section */
		9C1995231E9F0F5400AC34DB /* MainViewController.m in Sources */ = {isa = PBXBuildFile; fileRef = 9C1995221E9F0F5400AC34DB /* MainViewController.m */; };
		9C1995271E9F149C00AC34DB /* LoginViewController.m in Sources */ = {isa = PBXBuildFile; fileRef = 9C1995261E9F149C00AC34DB /* LoginViewController.m */; };
		9C19952D1E9F177F00AC34DB /* FirstLoginViewController.m in Sources */ = {isa = PBXBuildFile; fileRef = 9C19952C1E9F177F00AC34DB /* FirstLoginViewController.m */; };
		9C1995341E9F1AB000AC34DB /* StatisticalViewController.m in Sources */ = {isa = PBXBuildFile; fileRef = 9C1995331E9F1AB000AC34DB /* StatisticalViewController.m */; };
		9C1995391E9F4BF000AC34DB /* TaskListCell.m in Sources */ = {isa = PBXBuildFile; fileRef = 9C1995381E9F4BF000AC34DB /* TaskListCell.m */; };
		A861B3181E9DD3FB002D61F0 /* main.m in Sources */ = {isa = PBXBuildFile; fileRef = A861B3171E9DD3FB002D61F0 /* main.m */; };
		A861B31B1E9DD3FB002D61F0 /* AppDelegate.m in Sources */ = {isa = PBXBuildFile; fileRef = A861B31A1E9DD3FB002D61F0 /* AppDelegate.m */; };
		A861B3211E9DD3FB002D61F0 /* Main.storyboard in Resources */ = {isa = PBXBuildFile; fileRef = A861B31F1E9DD3FB002D61F0 /* Main.storyboard */; };
		A861B3231E9DD3FB002D61F0 /* Assets.xcassets in Resources */ = {isa = PBXBuildFile; fileRef = A861B3221E9DD3FB002D61F0 /* Assets.xcassets */; };
		A861B3261E9DD3FB002D61F0 /* LaunchScreen.storyboard in Resources */ = {isa = PBXBuildFile; fileRef = A861B3241E9DD3FB002D61F0 /* LaunchScreen.storyboard */; };
/* End PBXBuildFile section */

/* Begin PBXFileReference section */
		9C1995211E9F0F5400AC34DB /* MainViewController.h */ = {isa = PBXFileReference; fileEncoding = 4; lastKnownFileType = sourcecode.c.h; name = MainViewController.h; path = waiter/MainViewController.h; sourceTree = SOURCE_ROOT; };
		9C1995221E9F0F5400AC34DB /* MainViewController.m */ = {isa = PBXFileReference; fileEncoding = 4; lastKnownFileType = sourcecode.c.objc; name = MainViewController.m; path = waiter/MainViewController.m; sourceTree = SOURCE_ROOT; };
		9C1995251E9F149C00AC34DB /* LoginViewController.h */ = {isa = PBXFileReference; fileEncoding = 4; lastKnownFileType = sourcecode.c.h; path = LoginViewController.h; sourceTree = "<group>"; };
		9C1995261E9F149C00AC34DB /* LoginViewController.m */ = {isa = PBXFileReference; fileEncoding = 4; lastKnownFileType = sourcecode.c.objc; path = LoginViewController.m; sourceTree = "<group>"; };
		9C19952B1E9F177F00AC34DB /* FirstLoginViewController.h */ = {isa = PBXFileReference; fileEncoding = 4; lastKnownFileType = sourcecode.c.h; path = FirstLoginViewController.h; sourceTree = "<group>"; };
		9C19952C1E9F177F00AC34DB /* FirstLoginViewController.m */ = {isa = PBXFileReference; fileEncoding = 4; lastKnownFileType = sourcecode.c.objc; path = FirstLoginViewController.m; sourceTree = "<group>"; };
		9C1995321E9F1AB000AC34DB /* StatisticalViewController.h */ = {isa = PBXFileReference; fileEncoding = 4; lastKnownFileType = sourcecode.c.h; path = StatisticalViewController.h; sourceTree = "<group>"; };
		9C1995331E9F1AB000AC34DB /* StatisticalViewController.m */ = {isa = PBXFileReference; fileEncoding = 4; lastKnownFileType = sourcecode.c.objc; path = StatisticalViewController.m; sourceTree = "<group>"; };
		9C1995371E9F4BF000AC34DB /* TaskListCell.h */ = {isa = PBXFileReference; fileEncoding = 4; lastKnownFileType = sourcecode.c.h; path = TaskListCell.h; sourceTree = "<group>"; };
		9C1995381E9F4BF000AC34DB /* TaskListCell.m */ = {isa = PBXFileReference; fileEncoding = 4; lastKnownFileType = sourcecode.c.objc; path = TaskListCell.m; sourceTree = "<group>"; };
		A861B3131E9DD3FB002D61F0 /* waiter.app */ = {isa = PBXFileReference; explicitFileType = wrapper.application; includeInIndex = 0; path = waiter.app; sourceTree = BUILT_PRODUCTS_DIR; };
		A861B3171E9DD3FB002D61F0 /* main.m */ = {isa = PBXFileReference; lastKnownFileType = sourcecode.c.objc; path = main.m; sourceTree = "<group>"; };
		A861B3191E9DD3FB002D61F0 /* AppDelegate.h */ = {isa = PBXFileReference; lastKnownFileType = sourcecode.c.h; path = AppDelegate.h; sourceTree = "<group>"; };
		A861B31A1E9DD3FB002D61F0 /* AppDelegate.m */ = {isa = PBXFileReference; lastKnownFileType = sourcecode.c.objc; path = AppDelegate.m; sourceTree = "<group>"; };
		A861B3201E9DD3FB002D61F0 /* Base */ = {isa = PBXFileReference; lastKnownFileType = file.storyboard; name = Base; path = Base.lproj/Main.storyboard; sourceTree = "<group>"; };
		A861B3221E9DD3FB002D61F0 /* Assets.xcassets */ = {isa = PBXFileReference; lastKnownFileType = folder.assetcatalog; path = Assets.xcassets; sourceTree = "<group>"; };
		A861B3251E9DD3FB002D61F0 /* Base */ = {isa = PBXFileReference; lastKnownFileType = file.storyboard; name = Base; path = Base.lproj/LaunchScreen.storyboard; sourceTree = "<group>"; };
		A861B3271E9DD3FB002D61F0 /* Info.plist */ = {isa = PBXFileReference; lastKnownFileType = text.plist.xml; path = Info.plist; sourceTree = "<group>"; };
/* End PBXFileReference section */

/* Begin PBXFrameworksBuildPhase section */
		A861B3101E9DD3FB002D61F0 /* Frameworks */ = {
			isa = PBXFrameworksBuildPhase;
			buildActionMask = 2147483647;
			files = (
			);
			runOnlyForDeploymentPostprocessing = 0;
		};
/* End PBXFrameworksBuildPhase section */

/* Begin PBXGroup section */
		9C1995241E9F148D00AC34DB /* Login */ = {
			isa = PBXGroup;
			children = (
				9C1995251E9F149C00AC34DB /* LoginViewController.h */,
				9C1995261E9F149C00AC34DB /* LoginViewController.m */,
				9C19952B1E9F177F00AC34DB /* FirstLoginViewController.h */,
				9C19952C1E9F177F00AC34DB /* FirstLoginViewController.m */,
			);
			path = Login;
			sourceTree = "<group>";
		};
		9C19952E1E9F1A7F00AC34DB /* statisticalTask */ = {
			isa = PBXGroup;
			children = (
				9C1995321E9F1AB000AC34DB /* StatisticalViewController.h */,
				9C1995331E9F1AB000AC34DB /* StatisticalViewController.m */,
			);
			name = statisticalTask;
			path = Login/statisticalTask;
			sourceTree = "<group>";
		};
		9C1995361E9F4BD100AC34DB /* Main */ = {
			isa = PBXGroup;
			children = (
				9C1995211E9F0F5400AC34DB /* MainViewController.h */,
				9C1995221E9F0F5400AC34DB /* MainViewController.m */,
				9C1995371E9F4BF000AC34DB /* TaskListCell.h */,
				9C1995381E9F4BF000AC34DB /* TaskListCell.m */,
			);
			path = Main;
			sourceTree = "<group>";
		};
		A861B30A1E9DD3FB002D61F0 = {
			isa = PBXGroup;
			children = (
				A861B3151E9DD3FB002D61F0 /* waiter */,
				A861B3141E9DD3FB002D61F0 /* Products */,
			);
			sourceTree = "<group>";
		};
		A861B3141E9DD3FB002D61F0 /* Products */ = {
			isa = PBXGroup;
			children = (
				A861B3131E9DD3FB002D61F0 /* waiter.app */,
			);
			name = Products;
			sourceTree = "<group>";
		};
		A861B3151E9DD3FB002D61F0 /* waiter */ = {
			isa = PBXGroup;
			children = (
				A861B3191E9DD3FB002D61F0 /* AppDelegate.h */,
				A861B31A1E9DD3FB002D61F0 /* AppDelegate.m */,
				A861B31F1E9DD3FB002D61F0 /* Main.storyboard */,
				9C1995241E9F148D00AC34DB /* Login */,
				9C19952E1E9F1A7F00AC34DB /* statisticalTask */,
				9C1995361E9F4BD100AC34DB /* Main */,
				A861B3221E9DD3FB002D61F0 /* Assets.xcassets */,
				A861B3241E9DD3FB002D61F0 /* LaunchScreen.storyboard */,
				A861B3271E9DD3FB002D61F0 /* Info.plist */,
				A861B3161E9DD3FB002D61F0 /* Supporting Files */,
			);
			path = waiter;
			sourceTree = "<group>";
		};
		A861B3161E9DD3FB002D61F0 /* Supporting Files */ = {
			isa = PBXGroup;
			children = (
				A861B3171E9DD3FB002D61F0 /* main.m */,
			);
			name = "Supporting Files";
			sourceTree = "<group>";
		};
/* End PBXGroup section */

/* Begin PBXNativeTarget section */
		A861B3121E9DD3FB002D61F0 /* waiter */ = {
			isa = PBXNativeTarget;
			buildConfigurationList = A861B32A1E9DD3FB002D61F0 /* Build configuration list for PBXNativeTarget "waiter" */;
			buildPhases = (
				A861B30F1E9DD3FB002D61F0 /* Sources */,
				A861B3101E9DD3FB002D61F0 /* Frameworks */,
				A861B3111E9DD3FB002D61F0 /* Resources */,
			);
			buildRules = (
			);
			dependencies = (
			);
			name = waiter;
			productName = waiter;
			productReference = A861B3131E9DD3FB002D61F0 /* waiter.app */;
			productType = "com.apple.product-type.application";
		};
/* End PBXNativeTarget section */

/* Begin PBXProject section */
		A861B30B1E9DD3FB002D61F0 /* Project object */ = {
			isa = PBXProject;
			attributes = {
				LastUpgradeCheck = 0830;
				ORGANIZATIONNAME = liuchao;
				TargetAttributes = {
					A861B3121E9DD3FB002D61F0 = {
						CreatedOnToolsVersion = 8.3;
						DevelopmentTeam = 29HSV437NA;
						ProvisioningStyle = Automatic;
					};
				};
			};
			buildConfigurationList = A861B30E1E9DD3FB002D61F0 /* Build configuration list for PBXProject "waiter" */;
			compatibilityVersion = "Xcode 3.2";
			developmentRegion = English;
			hasScannedForEncodings = 0;
			knownRegions = (
				en,
				Base,
			);
			mainGroup = A861B30A1E9DD3FB002D61F0;
			productRefGroup = A861B3141E9DD3FB002D61F0 /* Products */;
			projectDirPath = "";
			projectRoot = "";
			targets = (
				A861B3121E9DD3FB002D61F0 /* waiter */,
			);
		};
/* End PBXProject section */

/* Begin PBXResourcesBuildPhase section */
		A861B3111E9DD3FB002D61F0 /* Resources */ = {
			isa = PBXResourcesBuildPhase;
			buildActionMask = 2147483647;
			files = (
				A861B3261E9DD3FB002D61F0 /* LaunchScreen.storyboard in Resources */,
				A861B3231E9DD3FB002D61F0 /* Assets.xcassets in Resources */,
				A861B3211E9DD3FB002D61F0 /* Main.storyboard in Resources */,
			);
			runOnlyForDeploymentPostprocessing = 0;
		};
/* End PBXResourcesBuildPhase section */

/* Begin PBXSourcesBuildPhase section */
		A861B30F1E9DD3FB002D61F0 /* Sources */ = {
			isa = PBXSourcesBuildPhase;
			buildActionMask = 2147483647;
			files = (
				9C1995341E9F1AB000AC34DB /* StatisticalViewController.m in Sources */,
				9C1995271E9F149C00AC34DB /* LoginViewController.m in Sources */,
				A861B31B1E9DD3FB002D61F0 /* AppDelegate.m in Sources */,
				9C1995391E9F4BF000AC34DB /* TaskListCell.m in Sources */,
				9C19952D1E9F177F00AC34DB /* FirstLoginViewController.m in Sources */,
				9C1995231E9F0F5400AC34DB /* MainViewController.m in Sources */,
				A861B3181E9DD3FB002D61F0 /* main.m in Sources */,
			);
			runOnlyForDeploymentPostprocessing = 0;
		};
/* End PBXSourcesBuildPhase section */

/* Begin PBXVariantGroup section */
		A861B31F1E9DD3FB002D61F0 /* Main.storyboard */ = {
			isa = PBXVariantGroup;
			children = (
				A861B3201E9DD3FB002D61F0 /* Base */,
			);
			name = Main.storyboard;
			sourceTree = "<group>";
		};
		A861B3241E9DD3FB002D61F0 /* LaunchScreen.storyboard */ = {
			isa = PBXVariantGroup;
			children = (
				A861B3251E9DD3FB002D61F0 /* Base */,
			);
			name = LaunchScreen.storyboard;
			sourceTree = "<group>";
		};
/* End PBXVariantGroup section */

/* Begin XCBuildConfiguration section */
		A861B3281E9DD3FB002D61F0 /* Debug */ = {
			isa = XCBuildConfiguration;
			buildSettings = {
				ALWAYS_SEARCH_USER_PATHS = NO;
				CLANG_ANALYZER_NONNULL = YES;
				CLANG_ANALYZER_NUMBER_OBJECT_CONVERSION = YES_AGGRESSIVE;
				CLANG_CXX_LANGUAGE_STANDARD = "gnu++0x";
				CLANG_CXX_LIBRARY = "libc++";
				CLANG_ENABLE_MODULES = YES;
				CLANG_ENABLE_OBJC_ARC = YES;
				CLANG_WARN_BOOL_CONVERSION = YES;
				CLANG_WARN_CONSTANT_CONVERSION = YES;
				CLANG_WARN_DIRECT_OBJC_ISA_USAGE = YES_ERROR;
				CLANG_WARN_DOCUMENTATION_COMMENTS = YES;
				CLANG_WARN_EMPTY_BODY = YES;
				CLANG_WARN_ENUM_CONVERSION = YES;
				CLANG_WARN_INFINITE_RECURSION = YES;
				CLANG_WARN_INT_CONVERSION = YES;
				CLANG_WARN_OBJC_ROOT_CLASS = YES_ERROR;
				CLANG_WARN_SUSPICIOUS_MOVE = YES;
				CLANG_WARN_UNREACHABLE_CODE = YES;
				CLANG_WARN__DUPLICATE_METHOD_MATCH = YES;
				"CODE_SIGN_IDENTITY[sdk=iphoneos*]" = "iPhone Developer";
				COPY_PHASE_STRIP = NO;
				DEBUG_INFORMATION_FORMAT = dwarf;
				ENABLE_STRICT_OBJC_MSGSEND = YES;
				ENABLE_TESTABILITY = YES;
				GCC_C_LANGUAGE_STANDARD = gnu99;
				GCC_DYNAMIC_NO_PIC = NO;
				GCC_NO_COMMON_BLOCKS = YES;
				GCC_OPTIMIZATION_LEVEL = 0;
				GCC_PREPROCESSOR_DEFINITIONS = (
					"DEBUG=1",
					"$(inherited)",
				);
				GCC_WARN_64_TO_32_BIT_CONVERSION = YES;
				GCC_WARN_ABOUT_RETURN_TYPE = YES_ERROR;
				GCC_WARN_UNDECLARED_SELECTOR = YES;
				GCC_WARN_UNINITIALIZED_AUTOS = YES_AGGRESSIVE;
				GCC_WARN_UNUSED_FUNCTION = YES;
				GCC_WARN_UNUSED_VARIABLE = YES;
				IPHONEOS_DEPLOYMENT_TARGET = 10.3;
				MTL_ENABLE_DEBUG_INFO = YES;
				ONLY_ACTIVE_ARCH = YES;
				SDKROOT = iphoneos;
			};
			name = Debug;
		};
		A861B3291E9DD3FB002D61F0 /* Release */ = {
			isa = XCBuildConfiguration;
			buildSettings = {
				ALWAYS_SEARCH_USER_PATHS = NO;
				CLANG_ANALYZER_NONNULL = YES;
				CLANG_ANALYZER_NUMBER_OBJECT_CONVERSION = YES_AGGRESSIVE;
				CLANG_CXX_LANGUAGE_STANDARD = "gnu++0x";
				CLANG_CXX_LIBRARY = "libc++";
				CLANG_ENABLE_MODULES = YES;
				CLANG_ENABLE_OBJC_ARC = YES;
				CLANG_WARN_BOOL_CONVERSION = YES;
				CLANG_WARN_CONSTANT_CONVERSION = YES;
				CLANG_WARN_DIRECT_OBJC_ISA_USAGE = YES_ERROR;
				CLANG_WARN_DOCUMENTATION_COMMENTS = YES;
				CLANG_WARN_EMPTY_BODY = YES;
				CLANG_WARN_ENUM_CONVERSION = YES;
				CLANG_WARN_INFINITE_RECURSION = YES;
				CLANG_WARN_INT_CONVERSION = YES;
				CLANG_WARN_OBJC_ROOT_CLASS = YES_ERROR;
				CLANG_WARN_SUSPICIOUS_MOVE = YES;
				CLANG_WARN_UNREACHABLE_CODE = YES;
				CLANG_WARN__DUPLICATE_METHOD_MATCH = YES;
				"CODE_SIGN_IDENTITY[sdk=iphoneos*]" = "iPhone Developer";
				COPY_PHASE_STRIP = NO;
				DEBUG_INFORMATION_FORMAT = "dwarf-with-dsym";
				ENABLE_NS_ASSERTIONS = NO;
				ENABLE_STRICT_OBJC_MSGSEND = YES;
				GCC_C_LANGUAGE_STANDARD = gnu99;
				GCC_NO_COMMON_BLOCKS = YES;
				GCC_WARN_64_TO_32_BIT_CONVERSION = YES;
				GCC_WARN_ABOUT_RETURN_TYPE = YES_ERROR;
				GCC_WARN_UNDECLARED_SELECTOR = YES;
				GCC_WARN_UNINITIALIZED_AUTOS = YES_AGGRESSIVE;
				GCC_WARN_UNUSED_FUNCTION = YES;
				GCC_WARN_UNUSED_VARIABLE = YES;
				IPHONEOS_DEPLOYMENT_TARGET = 10.3;
				MTL_ENABLE_DEBUG_INFO = NO;
				SDKROOT = iphoneos;
				VALIDATE_PRODUCT = YES;
			};
			name = Release;
		};
		A861B32B1E9DD3FB002D61F0 /* Debug */ = {
			isa = XCBuildConfiguration;
			buildSettings = {
				ASSETCATALOG_COMPILER_APPICON_NAME = AppIcon;
				DEVELOPMENT_TEAM = 29HSV437NA;
				INFOPLIST_FILE = waiter/Info.plist;
				IPHONEOS_DEPLOYMENT_TARGET = 8.0;
				LD_RUNPATH_SEARCH_PATHS = "$(inherited) @executable_path/Frameworks";
				PRODUCT_BUNDLE_IDENTIFIER = com.suzic.waiter;
				PRODUCT_NAME = "$(TARGET_NAME)";
			};
			name = Debug;
		};
		A861B32C1E9DD3FB002D61F0 /* Release */ = {
			isa = XCBuildConfiguration;
			buildSettings = {
				ASSETCATALOG_COMPILER_APPICON_NAME = AppIcon;
				DEVELOPMENT_TEAM = 29HSV437NA;
				INFOPLIST_FILE = waiter/Info.plist;
				IPHONEOS_DEPLOYMENT_TARGET = 8.0;
				LD_RUNPATH_SEARCH_PATHS = "$(inherited) @executable_path/Frameworks";
				PRODUCT_BUNDLE_IDENTIFIER = com.suzic.waiter;
				PRODUCT_NAME = "$(TARGET_NAME)";
			};
			name = Release;
		};
/* End XCBuildConfiguration section */

/* Begin XCConfigurationList section */
		A861B30E1E9DD3FB002D61F0 /* Build configuration list for PBXProject "waiter" */ = {
			isa = XCConfigurationList;
			buildConfigurations = (
				A861B3281E9DD3FB002D61F0 /* Debug */,
				A861B3291E9DD3FB002D61F0 /* Release */,
			);
			defaultConfigurationIsVisible = 0;
			defaultConfigurationName = Release;
		};
		A861B32A1E9DD3FB002D61F0 /* Build configuration list for PBXNativeTarget "waiter" */ = {
			isa = XCConfigurationList;
			buildConfigurations = (
				A861B32B1E9DD3FB002D61F0 /* Debug */,
				A861B32C1E9DD3FB002D61F0 /* Release */,
			);
			defaultConfigurationIsVisible = 0;
			defaultConfigurationName = Release;
		};
/* End XCConfigurationList section */
	};
	rootObject = A861B30B1E9DD3FB002D61F0 /* Project object */;
}
